
Microsoft Visual Studio Solution File, Format Version 12.00
# Visual Studio Version 17
VisualStudioVersion = 17.9.34728.123
MinimumVisualStudioVersion = 10.0.40219.1
Project("{9A19103F-16F7-4668-BE54-9A1E7A4F7556}") = "NebulousFleetGenerator", "NebulousFleetGenerator.csproj", "{BC747C15-B666-4054-8592-C33C95B9940B}"
EndProject
Global
	GlobalSection(SolutionConfigurationPlatforms) = preSolution
		Debug|Any CPU = Debug|Any CPU
		Release|Any CPU = Release|Any CPU
	EndGlobalSection
	GlobalSection(ProjectConfigurationPlatforms) = postSolution
		{BC747C15-B666-4054-8592-C33C95B9940B}.Debug|Any CPU.ActiveCfg = Debug|Any CPU
		{BC747C15-B666-4054-8592-C33C95B9940B}.Debug|Any CPU.Build.0 = Debug|Any CPU
		{BC747C15-B666-4054-8592-C33C95B9940B}.Release|Any CPU.ActiveCfg = Release|Any CPU
		{BC747C15-B666-4054-8592-C33C95B9940B}.Release|Any CPU.Build.0 = Release|Any CPU
	EndGlobalSection
	GlobalSection(SolutionProperties) = preSolution
		HideSolutionNode = FALSE
	EndGlobalSection
	GlobalSection(ExtensibilityGlobals) = postSolution
		SolutionGuid = {8F0909CC-0FAA-4D4F-9943-017C027BDEDF}
	EndGlobalSection
EndGlobal
